// !$*UTF8*$!
{
	archiveVersion = 1;
	classes = {
	};
	objectVersion = 77;
	objects = {

/* Begin PBXBuildFile section */
		E7546BDE2FCF0D0F0059BB9A /* FirebaseAnalytics in Frameworks */ = {isa = PBXBuildFile; productRef = E7546BDD2FCF0D0F0059BB9A /* FirebaseAnalytics */; };
		E7546BE02FCF0D0F0059BB9A /* FirebaseAuth in Frameworks */ = {isa = PBXBuildFile; productRef = E7546BDF2FCF0D0F0059BB9A /* FirebaseAuth */; };
		E7546BE22FCF0D0F0059BB9A /* FirebaseCore in Frameworks */ = {isa = PBXBuildFile; productRef = E7546BE12FCF0D0F0059BB9A /* FirebaseCore */; };
		E7546BE42FCF0D0F0059BB9A /* FirebaseDatabase in Frameworks */ = {isa = PBXBuildFile; productRef = E7546BE32FCF0D0F0059BB9A /* FirebaseDatabase */; };
		E7546BE62FCF0D0F0059BB9A /* FirebaseFirestore in Frameworks */ = {isa = PBXBuildFile; productRef = E7546BE52FCF0D0F0059BB9A /* FirebaseFirestore */; };
		E763B5102FCF36B20084221E /* OpenFoodFactsSDK in Frameworks */ = {isa = PBXBuildFile; productRef = E763B50F2FCF36B20084221E /* OpenFoodFactsSDK */; };
		E763B5FD2FCF7F200084221E /* GoogleSignIn in Frameworks */ = {isa = PBXBuildFile; productRef = E763B5FC2FCF7F200084221E /* GoogleSignIn */; };
		E763B5FF2FCF7F200084221E /* GoogleSignInSwift in Frameworks */ = {isa = PBXBuildFile; productRef = E763B5FE2FCF7F200084221E /* GoogleSignInSwift */; };
/* End PBXBuildFile section */

/* Begin PBXFileReference section */
		E7546BCC2FCF0A9B0059BB9A /* Fridgey.app */ = {isa = PBXFileReference; explicitFileType = wrapper.application; includeInIndex = 0; path = Fridgey.app; sourceTree = BUILT_PRODUCTS_DIR; };
/* End PBXFileReference section */

/* Begin PBXFileSystemSynchronizedBuildFileExceptionSet section */
		E763B6032FCF7F650084221E /* Exceptions for "Fridgey" folder in "Fridgey" target */ = {
			isa = PBXFileSystemSynchronizedBuildFileExceptionSet;
			membershipExceptions = (
				Info.plist,
			);
			target = E7546BCB2FCF0A9B0059BB9A /* Fridgey */;
		};
/* End PBXFileSystemSynchronizedBuildFileExceptionSet section */

/* Begin PBXFileSystemSynchronizedRootGroup section */
		E7546BCE2FCF0A9B0059BB9A /* Fridgey */ = {
			isa = PBXFileSystemSynchronizedRootGroup;
			exceptions = (
				E763B6032FCF7F650084221E /* Exceptions for "Fridgey" folder in "Fridgey" target */,
			);
			path = Fridgey;
			sourceTree = "<group>";
		};
/* End PBXFileSystemSynchronizedRootGroup section */

/* Begin PBXFrameworksBuildPhase section */
		E7546BC92FCF0A9B0059BB9A /* Frameworks */ = {
			isa = PBXFrameworksBuildPhase;
			buildActionMask = 2147483647;
			files = (
				E7546BDE2FCF0D0F0059BB9A /* FirebaseAnalytics in Frameworks */,
				E7546BE22FCF0D0F0059BB9A /* FirebaseCore in Frameworks */,
				E7546BE42FCF0D0F0059BB9A /* FirebaseDatabase in Frameworks */,
				E763B5FF2FCF7F200084221E /* GoogleSignInSwift in Frameworks */,
				E7546BE62FCF0D0F0059BB9A /* FirebaseFirestore in Frameworks */,
				E7546BE02FCF0D0F0059BB9A /* FirebaseAuth in Frameworks */,
				E763B5102FCF36B20084221E /* OpenFoodFactsSDK in Frameworks */,
				E763B5FD2FCF7F200084221E /* GoogleSignIn in Frameworks */,
			);
			runOnlyForDeploymentPostprocessing = 0;
		};
/* End PBXFrameworksBuildPhase section */

/* Begin PBXGroup section */
		E7546BC32FCF0A9B0059BB9A = {
			isa = PBXGroup;
			children = (
				E7546BCE2FCF0A9B0059BB9A /* Fridgey */,
				E7546BF42FCF10270059BB9A /* Frameworks */,
				E7546BCD2FCF0A9B0059BB9A /* Products */,
			);
			sourceTree = "<group>";
		};
		E7546BCD2FCF0A9B0059BB9A /* Products */ = {
			isa = PBXGroup;
			children = (
				E7546BCC2FCF0A9B0059BB9A /* Fridgey.app */,
			);
			name = Products;
			sourceTree = "<group>";
		};
		E7546BF42FCF10270059BB9A /* Frameworks */ = {
			isa = PBXGroup;
			children = (
			);
			name = Frameworks;
			sourceTree = "<group>";
		};
/* End PBXGroup section */

/* Begin PBXNativeTarget section */
		E7546BCB2FCF0A9B0059BB9A /* Fridgey */ = {
			isa = PBXNativeTarget;
			buildConfigurationList = E7546BD72FCF0A9E0059BB9A /* Build configuration list for PBXNativeTarget "Fridgey" */;
			buildPhases = (
				E7546BC82FCF0A9B0059BB9A /* Sources */,
				E7546BC92FCF0A9B0059BB9A /* Frameworks */,
				E7546BCA2FCF0A9B0059BB9A /* Resources */,
			);
			buildRules = (
			);
			dependencies = (
			);
			fileSystemSynchronizedGroups = (
				E7546BCE2FCF0A9B0059BB9A /* Fridgey */,
			);
			name = Fridgey;
			packageProductDependencies = (
				E7546BDD2FCF0D0F0059BB9A /* FirebaseAnalytics */,
				E7546BDF2FCF0D0F0059BB9A /* FirebaseAuth */,
				E7546BE12FCF0D0F0059BB9A /* FirebaseCore */,
				E7546BE32FCF0D0F0059BB9A /* FirebaseDatabase */,
				E7546BE52FCF0D0F0059BB9A /* FirebaseFirestore */,
				E763B50F2FCF36B20084221E /* OpenFoodFactsSDK */,
				E763B5FC2FCF7F200084221E /* GoogleSignIn */,
				E763B5FE2FCF7F200084221E /* GoogleSignInSwift */,
			);
			productName = Fridgey;
			productReference = E7546BCC2FCF0A9B0059BB9A /* Fridgey.app */;
			productType = "com.apple.product-type.application";
		};
/* End PBXNativeTarget section */

/* Begin PBXProject section */
		E7546BC42FCF0A9B0059BB9A /* Project object */ = {
			isa = PBXProject;
			attributes = {
				BuildIndependentTargetsInParallel = 1;
				LastSwiftUpdateCheck = 1640;
				LastUpgradeCheck = 1640;
				TargetAttributes = {
					E7546BCB2FCF0A9B0059BB9A = {
						CreatedOnToolsVersion = 16.4;
					};
				};
			};
			buildConfigurationList = E7546BC72FCF0A9B0059BB9A /* Build configuration list for PBXProject "Fridgey" */;
			developmentRegion = en;
			hasScannedForEncodings = 0;
			knownRegions = (
				en,
				Base,
			);
			mainGroup = E7546BC32FCF0A9B0059BB9A;
			minimizedProjectReferenceProxies = 1;
			packageReferences = (
				E7546BDC2FCF0D0F0059BB9A /* XCRemoteSwiftPackageReference "firebase-ios-sdk" */,
				E763B50E2FCF36B20084221E /* XCRemoteSwiftPackageReference "openfoodfacts-swift" */,
				E763B5FB2FCF7F200084221E /* XCRemoteSwiftPackageReference "GoogleSignIn-iOS" */,
			);
			preferredProjectObjectVersion = 77;
			productRefGroup = E7546BCD2FCF0A9B0059BB9A /* Products */;
			projectDirPath = "";
			projectRoot = "";
			targets = (
				E7546BCB2FCF0A9B0059BB9A /* Fridgey */,
			);
		};
/* End PBXProject section */

/* Begin PBXResourcesBuildPhase section */
		E7546BCA2FCF0A9B0059BB9A /* Resources */ = {
			isa = PBXResourcesBuildPhase;
			buildActionMask = 2147483647;
			files = (
			);
			runOnlyForDeploymentPostprocessing = 0;
		};
/* End PBXResourcesBuildPhase section */

/* Begin PBXSourcesBuildPhase section */
		E7546BC82FCF0A9B0059BB9A /* Sources */ = {
			isa = PBXSourcesBuildPhase;
			buildActionMask = 2147483647;
			files = (
			);
			runOnlyForDeploymentPostprocessing = 0;
		};
/* End PBXSourcesBuildPhase section */

/* Begin XCBuildConfiguration section */
		E7546BD52FCF0A9E0059BB9A /* Debug */ = {
			isa = XCBuildConfiguration;
			buildSettings = {
				ALWAYS_SEARCH_USER_PATHS = NO;
				ASSETCATALOG_COMPILER_GENERATE_SWIFT_ASSET_SYMBOL_EXTENSIONS = YES;
				CLANG_ANALYZER_NONNULL = YES;
				CLANG_ANALYZER_NUMBER_OBJECT_CONVERSION = YES_AGGRESSIVE;
				CLANG_CXX_LANGUAGE_STANDARD = "gnu++20";
				CLANG_ENABLE_MODULES = YES;
				CLANG_ENABLE_OBJC_ARC = YES;
				CLANG_ENABLE_OBJC_WEAK = YES;
				CLANG_WARN_BLOCK_CAPTURE_AUTORELEASING = YES;
				CLANG_WARN_BOOL_CONVERSION = YES;
				CLANG_WARN_COMMA = YES;
				CLANG_WARN_CONSTANT_CONVERSION = YES;
				CLANG_WARN_DEPRECATED_OBJC_IMPLEMENTATIONS = YES;
				CLANG_WARN_DIRECT_OBJC_ISA_USAGE = YES_ERROR;
				CLANG_WARN_DOCUMENTATION_COMMENTS = YES;
				CLANG_WARN_EMPTY_BODY = YES;
				CLANG_WARN_ENUM_CONVERSION = YES;
				CLANG_WARN_INFINITE_RECURSION = YES;
				CLANG_WARN_INT_CONVERSION = YES;
				CLANG_WARN_NON_LITERAL_NULL_CONVERSION = YES;
				CLANG_WARN_OBJC_IMPLICIT_RETAIN_SELF = YES;
				CLANG_WARN_OBJC_LITERAL_CONVERSION = YES;
				CLANG_WARN_OBJC_ROOT_CLASS = YES_ERROR;
				CLANG_WARN_QUOTED_INCLUDE_IN_FRAMEWORK_HEADER = YES;
				CLANG_WARN_RANGE_LOOP_ANALYSIS = YES;
				CLANG_WARN_STRICT_PROTOTYPES = YES;
				CLANG_WARN_SUSPICIOUS_MOVE = YES;
				CLANG_WARN_UNGUARDED_AVAILABILITY = YES_AGGRESSIVE;
				CLANG_WARN_UNREACHABLE_CODE = YES;
				CLANG_WARN__DUPLICATE_METHOD_MATCH = YES;
				COPY_PHASE_STRIP = NO;
				DEBUG_INFORMATION_FORMAT = dwarf;
				DEVELOPMENT_TEAM = M54Y55YP9G;
				ENABLE_STRICT_OBJC_MSGSEND = YES;
				ENABLE_TESTABILITY = YES;
				ENABLE_USER_SCRIPT_SANDBOXING = YES;
				GCC_C_LANGUAGE_STANDARD = gnu17;
				GCC_DYNAMIC_NO_PIC = NO;
				GCC_NO_COMMON_BLOCKS = YES;
				GCC_OPTIMIZATION_LEVEL = 0;
				GCC_PREPROCESSOR_DEFINITIONS = (
					"DEBUG=1",
					"$(inherited)",
				);
				GCC_WARN_64_TO_32_BIT_CONVERSION = YES;
				GCC_WARN_ABOUT_RETURN_TYPE = YES_ERROR;
				GCC_WARN_UNDECLARED_SELECTOR = YES;
				GCC_WARN_UNINITIALIZED_AUTOS = YES_AGGRESSIVE;
				GCC_WARN_UNUSED_FUNCTION = YES;
				GCC_WARN_UNUSED_VARIABLE = YES;
				IPHONEOS_DEPLOYMENT_TARGET = 18.5;
				LOCALIZATION_PREFERS_STRING_CATALOGS = YES;
				MTL_ENABLE_DEBUG_INFO = INCLUDE_SOURCE;
				MTL_FAST_MATH = YES;
				ONLY_ACTIVE_ARCH = YES;
				SDKROOT = iphoneos;
				SWIFT_ACTIVE_COMPILATION_CONDITIONS = "DEBUG $(inherited)";
				SWIFT_OPTIMIZATION_LEVEL = "-Onone";
			};
			name = Debug;
		};
		E7546BD62FCF0A9E0059BB9A /* Release */ = {
			isa = XCBuildConfiguration;
			buildSettings = {
				ALWAYS_SEARCH_USER_PATHS = NO;
				ASSETCATALOG_COMPILER_GENERATE_SWIFT_ASSET_SYMBOL_EXTENSIONS = YES;
				CLANG_ANALYZER_NONNULL = YES;
				CLANG_ANALYZER_NUMBER_OBJECT_CONVERSION = YES_AGGRESSIVE;
				CLANG_CXX_LANGUAGE_STANDARD = "gnu++20";
				CLANG_ENABLE_MODULES = YES;
				CLANG_ENABLE_OBJC_ARC = YES;
				CLANG_ENABLE_OBJC_WEAK = YES;
				CLANG_WARN_BLOCK_CAPTURE_AUTORELEASING = YES;
				CLANG_WARN_BOOL_CONVERSION = YES;
				CLANG_WARN_COMMA = YES;
				CLANG_WARN_CONSTANT_CONVERSION = YES;
				CLANG_WARN_DEPRECATED_OBJC_IMPLEMENTATIONS = YES;
				CLANG_WARN_DIRECT_OBJC_ISA_USAGE = YES_ERROR;
				CLANG_WARN_DOCUMENTATION_COMMENTS = YES;
				CLANG_WARN_EMPTY_BODY = YES;
				CLANG_WARN_ENUM_CONVERSION = YES;
				CLANG_WARN_INFINITE_RECURSION = YES;
				CLANG_WARN_INT_CONVERSION = YES;
				CLANG_WARN_NON_LITERAL_NULL_CONVERSION = YES;
				CLANG_WARN_OBJC_IMPLICIT_RETAIN_SELF = YES;
				CLANG_WARN_OBJC_LITERAL_CONVERSION = YES;
				CLANG_WARN_OBJC_ROOT_CLASS = YES_ERROR;
				CLANG_WARN_QUOTED_INCLUDE_IN_FRAMEWORK_HEADER = YES;
				CLANG_WARN_RANGE_LOOP_ANALYSIS = YES;
				CLANG_WARN_STRICT_PROTOTYPES = YES;
				CLANG_WARN_SUSPICIOUS_MOVE = YES;
				CLANG_WARN_UNGUARDED_AVAILABILITY = YES_AGGRESSIVE;
				CLANG_WARN_UNREACHABLE_CODE = YES;
				CLANG_WARN__DUPLICATE_METHOD_MATCH = YES;
				COPY_PHASE_STRIP = NO;
				DEBUG_INFORMATION_FORMAT = "dwarf-with-dsym";
				DEVELOPMENT_TEAM = M54Y55YP9G;
				ENABLE_NS_ASSERTIONS = NO;
				ENABLE_STRICT_OBJC_MSGSEND = YES;
				ENABLE_USER_SCRIPT_SANDBOXING = YES;
				GCC_C_LANGUAGE_STANDARD = gnu17;
				GCC_NO_COMMON_BLOCKS = YES;
				GCC_WARN_64_TO_32_BIT_CONVERSION = YES;
				GCC_WARN_ABOUT_RETURN_TYPE = YES_ERROR;
				GCC_WARN_UNDECLARED_SELECTOR = YES;
				GCC_WARN_UNINITIALIZED_AUTOS = YES_AGGRESSIVE;
				GCC_WARN_UNUSED_FUNCTION = YES;
				GCC_WARN_UNUSED_VARIABLE = YES;
				IPHONEOS_DEPLOYMENT_TARGET = 18.5;
				LOCALIZATION_PREFERS_STRING_CATALOGS = YES;
				MTL_ENABLE_DEBUG_INFO = NO;
				MTL_FAST_MATH = YES;
				SDKROOT = iphoneos;
				SWIFT_COMPILATION_MODE = wholemodule;
				VALIDATE_PRODUCT = YES;
			};
			name = Release;
		};
		E7546BD82FCF0A9E0059BB9A /* Debug */ = {
			isa = XCBuildConfiguration;
			buildSettings = {
				ASSETCATALOG_COMPILER_APPICON_NAME = AppIcon;
				ASSETCATALOG_COMPILER_GLOBAL_ACCENT_COLOR_NAME = AccentColor;
				CODE_SIGN_STYLE = Automatic;
				CURRENT_PROJECT_VERSION = 1;
				DEVELOPMENT_TEAM = M54Y55YP9G;
				ENABLE_PREVIEWS = YES;
				GENERATE_INFOPLIST_FILE = YES;
				INFOPLIST_FILE = Fridgey/Info.plist;
				INFOPLIST_KEY_UIApplicationSceneManifest_Generation = YES;
				INFOPLIST_KEY_UIApplicationSupportsIndirectInputEvents = YES;
				INFOPLIST_KEY_UILaunchScreen_Generation = YES;
				INFOPLIST_KEY_UISupportedInterfaceOrientations_iPad = "UIInterfaceOrientationPortrait UIInterfaceOrientationPortraitUpsideDown UIInterfaceOrientationLandscapeLeft UIInterfaceOrientationLandscapeRight";
				INFOPLIST_KEY_UISupportedInterfaceOrientations_iPhone = "UIInterfaceOrientationPortrait UIInterfaceOrientationLandscapeLeft UIInterfaceOrientationLandscapeRight";
				LD_RUNPATH_SEARCH_PATHS = (
					"$(inherited)",
					"@executable_path/Frameworks",
				);
				MARKETING_VERSION = 1.0;
				PRODUCT_BUNDLE_IDENTIFIER = com.JeremyLo.Fridgey;
				PRODUCT_NAME = "$(TARGET_NAME)";
				SWIFT_EMIT_LOC_STRINGS = YES;
				SWIFT_VERSION = 5.0;
				TARGETED_DEVICE_FAMILY = "1,2";
			};
			name = Debug;
		};
		E7546BD92FCF0A9E0059BB9A /* Release */ = {
			isa = XCBuildConfiguration;
			buildSettings = {
				ASSETCATALOG_COMPILER_APPICON_NAME = AppIcon;
				ASSETCATALOG_COMPILER_GLOBAL_ACCENT_COLOR_NAME = AccentColor;
				CODE_SIGN_STYLE = Automatic;
				CURRENT_PROJECT_VERSION = 1;
				DEVELOPMENT_TEAM = M54Y55YP9G;
				ENABLE_PREVIEWS = YES;
				GENERATE_INFOPLIST_FILE = YES;
				INFOPLIST_FILE = Fridgey/Info.plist;
				INFOPLIST_KEY_UIApplicationSceneManifest_Generation = YES;
				INFOPLIST_KEY_UIApplicationSupportsIndirectInputEvents = YES;
				INFOPLIST_KEY_UILaunchScreen_Generation = YES;
				INFOPLIST_KEY_UISupportedInterfaceOrientations_iPad = "UIInterfaceOrientationPortrait UIInterfaceOrientationPortraitUpsideDown UIInterfaceOrientationLandscapeLeft UIInterfaceOrientationLandscapeRight";
				INFOPLIST_KEY_UISupportedInterfaceOrientations_iPhone = "UIInterfaceOrientationPortrait UIInterfaceOrientationLandscapeLeft UIInterfaceOrientationLandscapeRight";
				LD_RUNPATH_SEARCH_PATHS = (
					"$(inherited)",
					"@executable_path/Frameworks",
				);
				MARKETING_VERSION = 1.0;
				PRODUCT_BUNDLE_IDENTIFIER = com.JeremyLo.Fridgey;
				PRODUCT_NAME = "$(TARGET_NAME)";
				SWIFT_EMIT_LOC_STRINGS = YES;
				SWIFT_VERSION = 5.0;
				TARGETED_DEVICE_FAMILY = "1,2";
			};
			name = Release;
		};
/* End XCBuildConfiguration section */

/* Begin XCConfigurationList section */
		E7546BC72FCF0A9B0059BB9A /* Build configuration list for PBXProject "Fridgey" */ = {
			isa = XCConfigurationList;
			buildConfigurations = (
				E7546BD52FCF0A9E0059BB9A /* Debug */,
				E7546BD62FCF0A9E0059BB9A /* Release */,
			);
			defaultConfigurationIsVisible = 0;
			defaultConfigurationName = Release;
		};
		E7546BD72FCF0A9E0059BB9A /* Build configuration list for PBXNativeTarget "Fridgey" */ = {
			isa = XCConfigurationList;
			buildConfigurations = (
				E7546BD82FCF0A9E0059BB9A /* Debug */,
				E7546BD92FCF0A9E0059BB9A /* Release */,
			);
			defaultConfigurationIsVisible = 0;
			defaultConfigurationName = Release;
		};
/* End XCConfigurationList section */

/* Begin XCRemoteSwiftPackageReference section */
		E7546BDC2FCF0D0F0059BB9A /* XCRemoteSwiftPackageReference "firebase-ios-sdk" */ = {
			isa = XCRemoteSwiftPackageReference;
			repositoryURL = "https://github.com/firebase/firebase-ios-sdk.git";
			requirement = {
				kind = upToNextMajorVersion;
				minimumVersion = 12.14.0;
			};
		};
		E763B50E2FCF36B20084221E /* XCRemoteSwiftPackageReference "openfoodfacts-swift" */ = {
			isa = XCRemoteSwiftPackageReference;
			repositoryURL = "https://github.com/openfoodfacts/openfoodfacts-swift.git";
			requirement = {
				branch = main;
				kind = branch;
			};
		};
		E763B5FB2FCF7F200084221E /* XCRemoteSwiftPackageReference "GoogleSignIn-iOS" */ = {
			isa = XCRemoteSwiftPackageReference;
			repositoryURL = "https://github.com/google/GoogleSignIn-iOS";
			requirement = {
				kind = upToNextMajorVersion;
				minimumVersion = 9.1.0;
			};
		};
/* End XCRemoteSwiftPackageReference section */

/* Begin XCSwiftPackageProductDependency section */
		E7546BDD2FCF0D0F0059BB9A /* FirebaseAnalytics */ = {
			isa = XCSwiftPackageProductDependency;
			package = E7546BDC2FCF0D0F0059BB9A /* XCRemoteSwiftPackageReference "firebase-ios-sdk" */;
			productName = FirebaseAnalytics;
		};
		E7546BDF2FCF0D0F0059BB9A /* FirebaseAuth */ = {
			isa = XCSwiftPackageProductDependency;
			package = E7546BDC2FCF0D0F0059BB9A /* XCRemoteSwiftPackageReference "firebase-ios-sdk" */;
			productName = FirebaseAuth;
		};
		E7546BE12FCF0D0F0059BB9A /* FirebaseCore */ = {
			isa = XCSwiftPackageProductDependency;
			package = E7546BDC2FCF0D0F0059BB9A /* XCRemoteSwiftPackageReference "firebase-ios-sdk" */;
			productName = FirebaseCore;
		};
		E7546BE32FCF0D0F0059BB9A /* FirebaseDatabase */ = {
			isa = XCSwiftPackageProductDependency;
			package = E7546BDC2FCF0D0F0059BB9A /* XCRemoteSwiftPackageReference "firebase-ios-sdk" */;
			productName = FirebaseDatabase;
		};
		E7546BE52FCF0D0F0059BB9A /* FirebaseFirestore */ = {
			isa = XCSwiftPackageProductDependency;
			package = E7546BDC2FCF0D0F0059BB9A /* XCRemoteSwiftPackageReference "firebase-ios-sdk" */;
			productName = FirebaseFirestore;
		};
		E763B50F2FCF36B20084221E /* OpenFoodFactsSDK */ = {
			isa = XCSwiftPackageProductDependency;
			package = E763B50E2FCF36B20084221E /* XCRemoteSwiftPackageReference "openfoodfacts-swift" */;
			productName = OpenFoodFactsSDK;
		};
		E763B5FC2FCF7F200084221E /* GoogleSignIn */ = {
			isa = XCSwiftPackageProductDependency;
			package = E763B5FB2FCF7F200084221E /* XCRemoteSwiftPackageReference "GoogleSignIn-iOS" */;
			productName = GoogleSignIn;
		};
		E763B5FE2FCF7F200084221E /* GoogleSignInSwift */ = {
			isa = XCSwiftPackageProductDependency;
			package = E763B5FB2FCF7F200084221E /* XCRemoteSwiftPackageReference "GoogleSignIn-iOS" */;
			productName = GoogleSignInSwift;
		};
/* End XCSwiftPackageProductDependency section */
	};
	rootObject = E7546BC42FCF0A9B0059BB9A /* Project object */;
}
